
Microsoft Visual Studio Solution File, Format Version 12.00
# Visual Studio 15
VisualStudioVersion = 15.0.27130.2010
MinimumVisualStudioVersion = 10.0.40219.1
Project("{FAE04EC0-301F-11D3-BF4B-00C04F79EFBC}") = "JBClassLibrary", "JBClassLibrary\JBClassLibrary.csproj", "{B08085A3-81DF-40A3-AD78-FC9B3FCF4CF7}"
EndProject
Global
	GlobalSection(SolutionConfigurationPlatforms) = preSolution
		Debug|Any CPU = Debug|Any CPU
		Release|Any CPU = Release|Any CPU
	EndGlobalSection
	GlobalSection(ProjectConfigurationPlatforms) = postSolution
		{B08085A3-81DF-40A3-AD78-FC9B3FCF4CF7}.Debug|Any CPU.ActiveCfg = Debug|Any CPU
		{B08085A3-81DF-40A3-AD78-FC9B3FCF4CF7}.Debug|Any CPU.Build.0 = Debug|Any CPU
		{B08085A3-81DF-40A3-AD78-FC9B3FCF4CF7}.Release|Any CPU.ActiveCfg = Release|Any CPU
		{B08085A3-81DF-40A3-AD78-FC9B3FCF4CF7}.Release|Any CPU.Build.0 = Release|Any CPU
	EndGlobalSection
	GlobalSection(SolutionProperties) = preSolution
		HideSolutionNode = FALSE
	EndGlobalSection
	GlobalSection(ExtensibilityGlobals) = postSolution
		SolutionGuid = {616751BC-6F52-4696-B449-4E7463BF95F2}
	EndGlobalSection
EndGlobal
